
Microsoft Visual Studio Solution File, Format Version 12.00
# Visual Studio 15
VisualStudioVersion = 15.0.28307.1525
MinimumVisualStudioVersion = 10.0.40219.1
Project("{FAE04EC0-301F-11D3-BF4B-00C04F79EFBC}") = "api-test-asp.net", "api-test-asp.net\api-test-asp.net.csproj", "{7F31C842-4E1C-4F18-8810-EC0C8D348A57}"
EndProject
Global
	GlobalSection(SolutionConfigurationPlatforms) = preSolution
		Debug|Any CPU = Debug|Any CPU
		Release|Any CPU = Release|Any CPU
	EndGlobalSection
	GlobalSection(ProjectConfigurationPlatforms) = postSolution
		{7F31C842-4E1C-4F18-8810-EC0C8D348A57}.Debug|Any CPU.ActiveCfg = Debug|Any CPU
		{7F31C842-4E1C-4F18-8810-EC0C8D348A57}.Debug|Any CPU.Build.0 = Debug|Any CPU
		{7F31C842-4E1C-4F18-8810-EC0C8D348A57}.Release|Any CPU.ActiveCfg = Release|Any CPU
		{7F31C842-4E1C-4F18-8810-EC0C8D348A57}.Release|Any CPU.Build.0 = Release|Any CPU
	EndGlobalSection
	GlobalSection(SolutionProperties) = preSolution
		HideSolutionNode = FALSE
	EndGlobalSection
	GlobalSection(ExtensibilityGlobals) = postSolution
		SolutionGuid = {048B68D6-2CE2-47AE-9E81-A50F80A47D99}
	EndGlobalSection
EndGlobal
